
Microsoft Visual Studio Solution File, Format Version 12.00
# Visual Studio Version 17
VisualStudioVersion = 17.3.32922.545
MinimumVisualStudioVersion = 10.0.40219.1
Project("{FAE04EC0-301F-11D3-BF4B-00C04F79EFBC}") = "ClickSpeedTest", "ClickSpeedTest\ClickSpeedTest.csproj", "{439C49EB-C594-47E0-BACC-03CBBAAB8486}"
EndProject
Global
	GlobalSection(SolutionConfigurationPlatforms) = preSolution
		Debug|Any CPU = Debug|Any CPU
		Release|Any CPU = Release|Any CPU
	EndGlobalSection
	GlobalSection(ProjectConfigurationPlatforms) = postSolution
		{439C49EB-C594-47E0-BACC-03CBBAAB8486}.Debug|Any CPU.ActiveCfg = Debug|Any CPU
		{439C49EB-C594-47E0-BACC-03CBBAAB8486}.Debug|Any CPU.Build.0 = Debug|Any CPU
		{439C49EB-C594-47E0-BACC-03CBBAAB8486}.Release|Any CPU.ActiveCfg = Release|Any CPU
		{439C49EB-C594-47E0-BACC-03CBBAAB8486}.Release|Any CPU.Build.0 = Release|Any CPU
	EndGlobalSection
	GlobalSection(SolutionProperties) = preSolution
		HideSolutionNode = FALSE
	EndGlobalSection
	GlobalSection(ExtensibilityGlobals) = postSolution
		SolutionGuid = {AEB00CA8-69A4-44EF-A735-D21C30AF3A82}
	EndGlobalSection
EndGlobal
